
Microsoft Visual Studio Solution File, Format Version 12.00
# Visual Studio 15
VisualStudioVersion = 15.0.27703.2035
MinimumVisualStudioVersion = 10.0.40219.1
Project("{FAE04EC0-301F-11D3-BF4B-00C04F79EFBC}") = "DesktopBackgroundScribbler", "DesktopBackgroundScribbler\DesktopBackgroundScribbler.csproj", "{35B85BCA-932A-4A74-B699-D990502F8AA0}"
EndProject
Project("{FAE04EC0-301F-11D3-BF4B-00C04F79EFBC}") = "DesktopBackgroundScribblerTests", "DesktopBackgroundScribblerTests\DesktopBackgroundScribblerTests.csproj", "{8AA26891-8670-4926-B48C-163C9B1CA3DE}"
EndProject
Global
	GlobalSection(SolutionConfigurationPlatforms) = preSolution
		Debug|Any CPU = Debug|Any CPU
		Release|Any CPU = Release|Any CPU
	EndGlobalSection
	GlobalSection(ProjectConfigurationPlatforms) = postSolution
		{35B85BCA-932A-4A74-B699-D990502F8AA0}.Debug|Any CPU.ActiveCfg = Debug|Any CPU
		{35B85BCA-932A-4A74-B699-D990502F8AA0}.Debug|Any CPU.Build.0 = Debug|Any CPU
		{35B85BCA-932A-4A74-B699-D990502F8AA0}.Release|Any CPU.ActiveCfg = Release|Any CPU
		{35B85BCA-932A-4A74-B699-D990502F8AA0}.Release|Any CPU.Build.0 = Release|Any CPU
		{8AA26891-8670-4926-B48C-163C9B1CA3DE}.Debug|Any CPU.ActiveCfg = Debug|Any CPU
		{8AA26891-8670-4926-B48C-163C9B1CA3DE}.Debug|Any CPU.Build.0 = Debug|Any CPU
		{8AA26891-8670-4926-B48C-163C9B1CA3DE}.Release|Any CPU.ActiveCfg = Release|Any CPU
		{8AA26891-8670-4926-B48C-163C9B1CA3DE}.Release|Any CPU.Build.0 = Release|Any CPU
	EndGlobalSection
	GlobalSection(SolutionProperties) = preSolution
		HideSolutionNode = FALSE
	EndGlobalSection
	GlobalSection(ExtensibilityGlobals) = postSolution
		SolutionGuid = {195CFF35-E560-4F92-9641-B2D16919E90F}
	EndGlobalSection
EndGlobal
